// !$*UTF8*$!
{
	archiveVersion = 1;
	classes = {
	};
	objectVersion = 50;
	objects = {

/* Begin PBXBuildFile section */
		4ABF7B68DD949170443763DB /* Pods_GoodJobTests.framework in Frameworks */ = {isa = PBXBuildFile; fileRef = E1299567870F8FE2A2125E72 /* Pods_GoodJobTests.framework */; };
		5B15BCBB25B0835A00933BBE /* SearchJobTableViewCell.swift in Sources */ = {isa = PBXBuildFile; fileRef = 5B15BCB925B0835A00933BBE /* SearchJobTableViewCell.swift */; };
		5B15BCBC25B0835A00933BBE /* SearchJobTableViewCell.xib in Resources */ = {isa = PBXBuildFile; fileRef = 5B15BCBA25B0835A00933BBE /* SearchJobTableViewCell.xib */; };
		5B1BBAB325B1A6AF000BFA55 /* EmployerTableViewCell.swift in Sources */ = {isa = PBXBuildFile; fileRef = 5B1BBAB125B1A6AE000BFA55 /* EmployerTableViewCell.swift */; };
		5B1BBAB425B1A6AF000BFA55 /* EmployerTableViewCell.xib in Resources */ = {isa = PBXBuildFile; fileRef = 5B1BBAB225B1A6AF000BFA55 /* EmployerTableViewCell.xib */; };
		5B1BBAC325B1AD7C000BFA55 /* EmployerCollectionViewCell.swift in Sources */ = {isa = PBXBuildFile; fileRef = 5B1BBAC125B1AD7C000BFA55 /* EmployerCollectionViewCell.swift */; };
		5B1BBAC425B1AD7C000BFA55 /* EmployerCollectionViewCell.xib in Resources */ = {isa = PBXBuildFile; fileRef = 5B1BBAC225B1AD7C000BFA55 /* EmployerCollectionViewCell.xib */; };
		5B62AAC625B07481006CA057 /* HomeListView.swift in Sources */ = {isa = PBXBuildFile; fileRef = 5B62AAC525B07481006CA057 /* HomeListView.swift */; };
		5B62AACB25B07499006CA057 /* HomeListView.xib in Resources */ = {isa = PBXBuildFile; fileRef = 5B62AACA25B07499006CA057 /* HomeListView.xib */; };
		5B856DC925B2A0F900AF24FD /* HomeStoryBoard.storyboard in Resources */ = {isa = PBXBuildFile; fileRef = 5B856DC825B2A0F900AF24FD /* HomeStoryBoard.storyboard */; };
		5BA6C23B25B1EE4000658BFA /* ScrollableView.swift in Sources */ = {isa = PBXBuildFile; fileRef = 5BA6C23A25B1EE4000658BFA /* ScrollableView.swift */; };
		5BA6C24025B1EEA100658BFA /* ScrollableView.xib in Resources */ = {isa = PBXBuildFile; fileRef = 5BA6C23F25B1EEA000658BFA /* ScrollableView.xib */; };
		5BA6C24925B1F0F500658BFA /* ScrollViewCollectionViewCell.swift in Sources */ = {isa = PBXBuildFile; fileRef = 5BA6C24725B1F0F500658BFA /* ScrollViewCollectionViewCell.swift */; };
		5BA6C24A25B1F0F500658BFA /* ScrollViewCollectionViewCell.xib in Resources */ = {isa = PBXBuildFile; fileRef = 5BA6C24825B1F0F500658BFA /* ScrollViewCollectionViewCell.xib */; };
		5BB055AF25B2A9F7003EBC81 /* GoodJob.swift in Sources */ = {isa = PBXBuildFile; fileRef = 5BB055AE25B2A9F7003EBC81 /* GoodJob.swift */; };
		5BD66F5E25AFEFE8009D2CDC /* AppDelegate.swift in Sources */ = {isa = PBXBuildFile; fileRef = 5BD66F5D25AFEFE8009D2CDC /* AppDelegate.swift */; };
		5BD66F6025AFEFE9009D2CDC /* SceneDelegate.swift in Sources */ = {isa = PBXBuildFile; fileRef = 5BD66F5F25AFEFE9009D2CDC /* SceneDelegate.swift */; };
		5BD66F6725AFEFF3009D2CDC /* Assets.xcassets in Resources */ = {isa = PBXBuildFile; fileRef = 5BD66F6625AFEFF3009D2CDC /* Assets.xcassets */; };
		5BD66F6A25AFEFF3009D2CDC /* LaunchScreen.storyboard in Resources */ = {isa = PBXBuildFile; fileRef = 5BD66F6825AFEFF3009D2CDC /* LaunchScreen.storyboard */; };
		5BD66FA125AFF421009D2CDC /* HomeViewController.swift in Sources */ = {isa = PBXBuildFile; fileRef = 5BD66FA025AFF421009D2CDC /* HomeViewController.swift */; };
		5BD66FB325B004D4009D2CDC /* HeaderView.swift in Sources */ = {isa = PBXBuildFile; fileRef = 5BD66FB225B004D4009D2CDC /* HeaderView.swift */; };
		5BD66FBD25B00990009D2CDC /* Extension-uiview.swift in Sources */ = {isa = PBXBuildFile; fileRef = 5BD66FBC25B00990009D2CDC /* Extension-uiview.swift */; };
		5BD66FC225B00B4D009D2CDC /* Constant.swift in Sources */ = {isa = PBXBuildFile; fileRef = 5BD66FC125B00B4C009D2CDC /* Constant.swift */; };
		5BD66FCA25B01D09009D2CDC /* HeaderView.xib in Resources */ = {isa = PBXBuildFile; fileRef = 5BD66FC925B01D09009D2CDC /* HeaderView.xib */; };
		5BE6CA5925B14963008CC282 /* JobHotListTableViewCell.swift in Sources */ = {isa = PBXBuildFile; fileRef = 5BE6CA5725B14962008CC282 /* JobHotListTableViewCell.swift */; };
		5BE6CA5A25B14963008CC282 /* JobHotListTableViewCell.xib in Resources */ = {isa = PBXBuildFile; fileRef = 5BE6CA5825B14962008CC282 /* JobHotListTableViewCell.xib */; };
		5BE6CA6325B14B03008CC282 /* JobFavoriteTableViewCell.swift in Sources */ = {isa = PBXBuildFile; fileRef = 5BE6CA6125B14B03008CC282 /* JobFavoriteTableViewCell.swift */; };
		5BE6CA6425B14B03008CC282 /* JobFavoriteTableViewCell.xib in Resources */ = {isa = PBXBuildFile; fileRef = 5BE6CA6225B14B03008CC282 /* JobFavoriteTableViewCell.xib */; };
		5BE6CA6C25B14D25008CC282 /* SectionHeaderView.swift in Sources */ = {isa = PBXBuildFile; fileRef = 5BE6CA6B25B14D25008CC282 /* SectionHeaderView.swift */; };
		5BE6CA7125B14D33008CC282 /* SectionHeaderView.xib in Resources */ = {isa = PBXBuildFile; fileRef = 5BE6CA7025B14D33008CC282 /* SectionHeaderView.xib */; };
		5BE6CA7A25B15E42008CC282 /* JobHightSalaryTableViewCell.swift in Sources */ = {isa = PBXBuildFile; fileRef = 5BE6CA7825B15E42008CC282 /* JobHightSalaryTableViewCell.swift */; };
		5BE6CA7B25B15E42008CC282 /* JobHightSalaryTableViewCell.xib in Resources */ = {isa = PBXBuildFile; fileRef = 5BE6CA7925B15E42008CC282 /* JobHightSalaryTableViewCell.xib */; };
		5BE6CA8425B16054008CC282 /* JobManagerTableViewCell.swift in Sources */ = {isa = PBXBuildFile; fileRef = 5BE6CA8225B16054008CC282 /* JobManagerTableViewCell.swift */; };
		5BE6CA8525B16054008CC282 /* JobManagerTableViewCell.xib in Resources */ = {isa = PBXBuildFile; fileRef = 5BE6CA8325B16054008CC282 /* JobManagerTableViewCell.xib */; };
		5BE6CA8E25B16072008CC282 /* JobITTableViewCell.swift in Sources */ = {isa = PBXBuildFile; fileRef = 5BE6CA8C25B16072008CC282 /* JobITTableViewCell.swift */; };
		5BE6CA8F25B16072008CC282 /* JobITTableViewCell.xib in Resources */ = {isa = PBXBuildFile; fileRef = 5BE6CA8D25B16072008CC282 /* JobITTableViewCell.xib */; };
		5BE6CA9525B1609A008CC282 /* JobPartTimeTableViewCell.swift in Sources */ = {isa = PBXBuildFile; fileRef = 5BE6CA9325B1609A008CC282 /* JobPartTimeTableViewCell.swift */; };
		5BE6CA9625B1609A008CC282 /* JobPartTimeTableViewCell.xib in Resources */ = {isa = PBXBuildFile; fileRef = 5BE6CA9425B1609A008CC282 /* JobPartTimeTableViewCell.xib */; };
		5BE6CA9C25B160BB008CC282 /* JobInternTableViewCell.swift in Sources */ = {isa = PBXBuildFile; fileRef = 5BE6CA9A25B160BB008CC282 /* JobInternTableViewCell.swift */; };
		5BE6CA9D25B160BB008CC282 /* JobInternTableViewCell.xib in Resources */ = {isa = PBXBuildFile; fileRef = 5BE6CA9B25B160BB008CC282 /* JobInternTableViewCell.xib */; };
		5BE6CAA825B1687F008CC282 /* ItemJobView.swift in Sources */ = {isa = PBXBuildFile; fileRef = 5BE6CAA725B1687F008CC282 /* ItemJobView.swift */; };
		5BE6CAAD25B16892008CC282 /* ItemJobView.xib in Resources */ = {isa = PBXBuildFile; fileRef = 5BE6CAAC25B16892008CC282 /* ItemJobView.xib */; };
		7A8FAFAB4820A011E7F973CF /* Pods_GoodJob_GoodJobUITests.framework in Frameworks */ = {isa = PBXBuildFile; fileRef = 1DB7D8E6BDD78953471FF3FF /* Pods_GoodJob_GoodJobUITests.framework */; };
		DDB3F13AC8EC8A2B9F962860 /* Pods_GoodJob.framework in Frameworks */ = {isa = PBXBuildFile; fileRef = 0AB88A34BAF1A4850E603F41 /* Pods_GoodJob.framework */; };
/* End PBXBuildFile section */

/* Begin PBXContainerItemProxy section */
		5BD66F7125AFEFF5009D2CDC /* PBXContainerItemProxy */ = {
			isa = PBXContainerItemProxy;
			containerPortal = 5BD66F5225AFEFE8009D2CDC /* Project object */;
			proxyType = 1;
			remoteGlobalIDString = 5BD66F5925AFEFE8009D2CDC;
			remoteInfo = GoodJob;
		};
		5BD66F7C25AFEFF5009D2CDC /* PBXContainerItemProxy */ = {
			isa = PBXContainerItemProxy;
			containerPortal = 5BD66F5225AFEFE8009D2CDC /* Project object */;
			proxyType = 1;
			remoteGlobalIDString = 5BD66F5925AFEFE8009D2CDC;
			remoteInfo = GoodJob;
		};
/* End PBXContainerItemProxy section */

/* Begin PBXFileReference section */
		0AB88A34BAF1A4850E603F41 /* Pods_GoodJob.framework */ = {isa = PBXFileReference; explicitFileType = wrapper.framework; includeInIndex = 0; path = Pods_GoodJob.framework; sourceTree = BUILT_PRODUCTS_DIR; };
		1A7059DFE1BEF303F71806DD /* Pods-GoodJobTests.release.xcconfig */ = {isa = PBXFileReference; includeInIndex = 1; lastKnownFileType = text.xcconfig; name = "Pods-GoodJobTests.release.xcconfig"; path = "Target Support Files/Pods-GoodJobTests/Pods-GoodJobTests.release.xcconfig"; sourceTree = "<group>"; };
		1DB7D8E6BDD78953471FF3FF /* Pods_GoodJob_GoodJobUITests.framework */ = {isa = PBXFileReference; explicitFileType = wrapper.framework; includeInIndex = 0; path = Pods_GoodJob_GoodJobUITests.framework; sourceTree = BUILT_PRODUCTS_DIR; };
		5B15BCB925B0835A00933BBE /* SearchJobTableViewCell.swift */ = {isa = PBXFileReference; lastKnownFileType = sourcecode.swift; path = SearchJobTableViewCell.swift; sourceTree = "<group>"; };
		5B15BCBA25B0835A00933BBE /* SearchJobTableViewCell.xib */ = {isa = PBXFileReference; lastKnownFileType = file.xib; path = SearchJobTableViewCell.xib; sourceTree = "<group>"; };
		5B1BBAB125B1A6AE000BFA55 /* EmployerTableViewCell.swift */ = {isa = PBXFileReference; lastKnownFileType = sourcecode.swift; path = EmployerTableViewCell.swift; sourceTree = "<group>"; };
		5B1BBAB225B1A6AF000BFA55 /* EmployerTableViewCell.xib */ = {isa = PBXFileReference; lastKnownFileType = file.xib; path = EmployerTableViewCell.xib; sourceTree = "<group>"; };
		5B1BBAC125B1AD7C000BFA55 /* EmployerCollectionViewCell.swift */ = {isa = PBXFileReference; lastKnownFileType = sourcecode.swift; path = EmployerCollectionViewCell.swift; sourceTree = "<group>"; };
		5B1BBAC225B1AD7C000BFA55 /* EmployerCollectionViewCell.xib */ = {isa = PBXFileReference; lastKnownFileType = file.xib; path = EmployerCollectionViewCell.xib; sourceTree = "<group>"; };
		5B62AAC525B07481006CA057 /* HomeListView.swift */ = {isa = PBXFileReference; lastKnownFileType = sourcecode.swift; path = HomeListView.swift; sourceTree = "<group>"; };
		5B62AACA25B07499006CA057 /* HomeListView.xib */ = {isa = PBXFileReference; lastKnownFileType = file.xib; path = HomeListView.xib; sourceTree = "<group>"; };
		5B856DC825B2A0F900AF24FD /* HomeStoryBoard.storyboard */ = {isa = PBXFileReference; lastKnownFileType = file.storyboard; path = HomeStoryBoard.storyboard; sourceTree = "<group>"; };
		5BA6C23A25B1EE4000658BFA /* ScrollableView.swift */ = {isa = PBXFileReference; lastKnownFileType = sourcecode.swift; path = ScrollableView.swift; sourceTree = "<group>"; };
		5BA6C23F25B1EEA000658BFA /* ScrollableView.xib */ = {isa = PBXFileReference; lastKnownFileType = file.xib; path = ScrollableView.xib; sourceTree = "<group>"; };
		5BA6C24725B1F0F500658BFA /* ScrollViewCollectionViewCell.swift */ = {isa = PBXFileReference; lastKnownFileType = sourcecode.swift; path = ScrollViewCollectionViewCell.swift; sourceTree = "<group>"; };
		5BA6C24825B1F0F500658BFA /* ScrollViewCollectionViewCell.xib */ = {isa = PBXFileReference; lastKnownFileType = file.xib; path = ScrollViewCollectionViewCell.xib; sourceTree = "<group>"; };
		5BB055AE25B2A9F7003EBC81 /* GoodJob.swift */ = {isa = PBXFileReference; lastKnownFileType = sourcecode.swift; path = GoodJob.swift; sourceTree = "<group>"; };
		5BD66F5A25AFEFE8009D2CDC /* GoodJob.app */ = {isa = PBXFileReference; explicitFileType = wrapper.application; includeInIndex = 0; path = GoodJob.app; sourceTree = BUILT_PRODUCTS_DIR; };
		5BD66F5D25AFEFE8009D2CDC /* AppDelegate.swift */ = {isa = PBXFileReference; lastKnownFileType = sourcecode.swift; path = AppDelegate.swift; sourceTree = "<group>"; };
		5BD66F5F25AFEFE9009D2CDC /* SceneDelegate.swift */ = {isa = PBXFileReference; lastKnownFileType = sourcecode.swift; path = SceneDelegate.swift; sourceTree = "<group>"; };
		5BD66F6625AFEFF3009D2CDC /* Assets.xcassets */ = {isa = PBXFileReference; lastKnownFileType = folder.assetcatalog; path = Assets.xcassets; sourceTree = "<group>"; };
		5BD66F6925AFEFF3009D2CDC /* Base */ = {isa = PBXFileReference; lastKnownFileType = file.storyboard; name = Base; path = Base.lproj/LaunchScreen.storyboard; sourceTree = "<group>"; };
		5BD66F6B25AFEFF3009D2CDC /* Info.plist */ = {isa = PBXFileReference; lastKnownFileType = text.plist.xml; path = Info.plist; sourceTree = "<group>"; };
		5BD66F7025AFEFF5009D2CDC /* GoodJobTests.xctest */ = {isa = PBXFileReference; explicitFileType = wrapper.cfbundle; includeInIndex = 0; path = GoodJobTests.xctest; sourceTree = BUILT_PRODUCTS_DIR; };
		5BD66F7B25AFEFF5009D2CDC /* GoodJobUITests.xctest */ = {isa = PBXFileReference; explicitFileType = wrapper.cfbundle; includeInIndex = 0; path = GoodJobUITests.xctest; sourceTree = BUILT_PRODUCTS_DIR; };
		5BD66FA025AFF421009D2CDC /* HomeViewController.swift */ = {isa = PBXFileReference; lastKnownFileType = sourcecode.swift; path = HomeViewController.swift; sourceTree = "<group>"; };
		5BD66FB225B004D4009D2CDC /* HeaderView.swift */ = {isa = PBXFileReference; lastKnownFileType = sourcecode.swift; path = HeaderView.swift; sourceTree = "<group>"; };
		5BD66FBC25B00990009D2CDC /* Extension-uiview.swift */ = {isa = PBXFileReference; lastKnownFileType = sourcecode.swift; path = "Extension-uiview.swift"; sourceTree = "<group>"; };
		5BD66FC125B00B4C009D2CDC /* Constant.swift */ = {isa = PBXFileReference; lastKnownFileType = sourcecode.swift; path = Constant.swift; sourceTree = "<group>"; };
		5BD66FC925B01D09009D2CDC /* HeaderView.xib */ = {isa = PBXFileReference; lastKnownFileType = file.xib; path = HeaderView.xib; sourceTree = "<group>"; };
		5BE6CA5725B14962008CC282 /* JobHotListTableViewCell.swift */ = {isa = PBXFileReference; lastKnownFileType = sourcecode.swift; path = JobHotListTableViewCell.swift; sourceTree = "<group>"; };
		5BE6CA5825B14962008CC282 /* JobHotListTableViewCell.xib */ = {isa = PBXFileReference; lastKnownFileType = file.xib; path = JobHotListTableViewCell.xib; sourceTree = "<group>"; };
		5BE6CA6125B14B03008CC282 /* JobFavoriteTableViewCell.swift */ = {isa = PBXFileReference; lastKnownFileType = sourcecode.swift; path = JobFavoriteTableViewCell.swift; sourceTree = "<group>"; };
		5BE6CA6225B14B03008CC282 /* JobFavoriteTableViewCell.xib */ = {isa = PBXFileReference; lastKnownFileType = file.xib; path = JobFavoriteTableViewCell.xib; sourceTree = "<group>"; };
		5BE6CA6B25B14D25008CC282 /* SectionHeaderView.swift */ = {isa = PBXFileReference; lastKnownFileType = sourcecode.swift; path = SectionHeaderView.swift; sourceTree = "<group>"; };
		5BE6CA7025B14D33008CC282 /* SectionHeaderView.xib */ = {isa = PBXFileReference; lastKnownFileType = file.xib; path = SectionHeaderView.xib; sourceTree = "<group>"; };
		5BE6CA7825B15E42008CC282 /* JobHightSalaryTableViewCell.swift */ = {isa = PBXFileReference; lastKnownFileType = sourcecode.swift; path = JobHightSalaryTableViewCell.swift; sourceTree = "<group>"; };
		5BE6CA7925B15E42008CC282 /* JobHightSalaryTableViewCell.xib */ = {isa = PBXFileReference; lastKnownFileType = file.xib; path = JobHightSalaryTableViewCell.xib; sourceTree = "<group>"; };
		5BE6CA8225B16054008CC282 /* JobManagerTableViewCell.swift */ = {isa = PBXFileReference; lastKnownFileType = sourcecode.swift; path = JobManagerTableViewCell.swift; sourceTree = "<group>"; };
		5BE6CA8325B16054008CC282 /* JobManagerTableViewCell.xib */ = {isa = PBXFileReference; lastKnownFileType = file.xib; path = JobManagerTableViewCell.xib; sourceTree = "<group>"; };
		5BE6CA8C25B16072008CC282 /* JobITTableViewCell.swift */ = {isa = PBXFileReference; lastKnownFileType = sourcecode.swift; path = JobITTableViewCell.swift; sourceTree = "<group>"; };
		5BE6CA8D25B16072008CC282 /* JobITTableViewCell.xib */ = {isa = PBXFileReference; lastKnownFileType = file.xib; path = JobITTableViewCell.xib; sourceTree = "<group>"; };
		5BE6CA9325B1609A008CC282 /* JobPartTimeTableViewCell.swift */ = {isa = PBXFileReference; lastKnownFileType = sourcecode.swift; path = JobPartTimeTableViewCell.swift; sourceTree = "<group>"; };
		5BE6CA9425B1609A008CC282 /* JobPartTimeTableViewCell.xib */ = {isa = PBXFileReference; lastKnownFileType = file.xib; path = JobPartTimeTableViewCell.xib; sourceTree = "<group>"; };
		5BE6CA9A25B160BB008CC282 /* JobInternTableViewCell.swift */ = {isa = PBXFileReference; lastKnownFileType = sourcecode.swift; path = JobInternTableViewCell.swift; sourceTree = "<group>"; };
		5BE6CA9B25B160BB008CC282 /* JobInternTableViewCell.xib */ = {isa = PBXFileReference; lastKnownFileType = file.xib; path = JobInternTableViewCell.xib; sourceTree = "<group>"; };
		5BE6CAA725B1687F008CC282 /* ItemJobView.swift */ = {isa = PBXFileReference; lastKnownFileType = sourcecode.swift; path = ItemJobView.swift; sourceTree = "<group>"; };
		5BE6CAAC25B16892008CC282 /* ItemJobView.xib */ = {isa = PBXFileReference; lastKnownFileType = file.xib; path = ItemJobView.xib; sourceTree = "<group>"; };
		714E920616310FB97639DADC /* Pods-GoodJob.debug.xcconfig */ = {isa = PBXFileReference; includeInIndex = 1; lastKnownFileType = text.xcconfig; name = "Pods-GoodJob.debug.xcconfig"; path = "Target Support Files/Pods-GoodJob/Pods-GoodJob.debug.xcconfig"; sourceTree = "<group>"; };
		868FF6474B9F208B07854240 /* Pods-GoodJob.release.xcconfig */ = {isa = PBXFileReference; includeInIndex = 1; lastKnownFileType = text.xcconfig; name = "Pods-GoodJob.release.xcconfig"; path = "Target Support Files/Pods-GoodJob/Pods-GoodJob.release.xcconfig"; sourceTree = "<group>"; };
		961D1358909D72585B7D4D2A /* Pods-GoodJobTests.debug.xcconfig */ = {isa = PBXFileReference; includeInIndex = 1; lastKnownFileType = text.xcconfig; name = "Pods-GoodJobTests.debug.xcconfig"; path = "Target Support Files/Pods-GoodJobTests/Pods-GoodJobTests.debug.xcconfig"; sourceTree = "<group>"; };
		A3FA3FB4C038DA9D96604C2B /* Pods-GoodJob-GoodJobUITests.debug.xcconfig */ = {isa = PBXFileReference; includeInIndex = 1; lastKnownFileType = text.xcconfig; name = "Pods-GoodJob-GoodJobUITests.debug.xcconfig"; path = "Target Support Files/Pods-GoodJob-GoodJobUITests/Pods-GoodJob-GoodJobUITests.debug.xcconfig"; sourceTree = "<group>"; };
		E1299567870F8FE2A2125E72 /* Pods_GoodJobTests.framework */ = {isa = PBXFileReference; explicitFileType = wrapper.framework; includeInIndex = 0; path = Pods_GoodJobTests.framework; sourceTree = BUILT_PRODUCTS_DIR; };
		EC8186A540C40B18EB23808E /* Pods-GoodJob-GoodJobUITests.release.xcconfig */ = {isa = PBXFileReference; includeInIndex = 1; lastKnownFileType = text.xcconfig; name = "Pods-GoodJob-GoodJobUITests.release.xcconfig"; path = "Target Support Files/Pods-GoodJob-GoodJobUITests/Pods-GoodJob-GoodJobUITests.release.xcconfig"; sourceTree = "<group>"; };
/* End PBXFileReference section */

/* Begin PBXFrameworksBuildPhase section */
		5BD66F5725AFEFE8009D2CDC /* Frameworks */ = {
			isa = PBXFrameworksBuildPhase;
			buildActionMask = 2147483647;
			files = (
				DDB3F13AC8EC8A2B9F962860 /* Pods_GoodJob.framework in Frameworks */,
			);
			runOnlyForDeploymentPostprocessing = 0;
		};
		5BD66F6D25AFEFF5009D2CDC /* Frameworks */ = {
			isa = PBXFrameworksBuildPhase;
			buildActionMask = 2147483647;
			files = (
				4ABF7B68DD949170443763DB /* Pods_GoodJobTests.framework in Frameworks */,
			);
			runOnlyForDeploymentPostprocessing = 0;
		};
		5BD66F7825AFEFF5009D2CDC /* Frameworks */ = {
			isa = PBXFrameworksBuildPhase;
			buildActionMask = 2147483647;
			files = (
				7A8FAFAB4820A011E7F973CF /* Pods_GoodJob_GoodJobUITests.framework in Frameworks */,
			);
			runOnlyForDeploymentPostprocessing = 0;
		};
/* End PBXFrameworksBuildPhase section */

/* Begin PBXGroup section */
		10850496091485B76C66FC1A /* Frameworks */ = {
			isa = PBXGroup;
			children = (
				0AB88A34BAF1A4850E603F41 /* Pods_GoodJob.framework */,
				1DB7D8E6BDD78953471FF3FF /* Pods_GoodJob_GoodJobUITests.framework */,
				E1299567870F8FE2A2125E72 /* Pods_GoodJobTests.framework */,
			);
			name = Frameworks;
			sourceTree = "<group>";
		};
		5B15BCB225B07F1A00933BBE /* CellXib */ = {
			isa = PBXGroup;
			children = (
				5B15BCBA25B0835A00933BBE /* SearchJobTableViewCell.xib */,
				5BE6CA5825B14962008CC282 /* JobHotListTableViewCell.xib */,
				5BE6CA6225B14B03008CC282 /* JobFavoriteTableViewCell.xib */,
				5BE6CA7925B15E42008CC282 /* JobHightSalaryTableViewCell.xib */,
				5BE6CA8325B16054008CC282 /* JobManagerTableViewCell.xib */,
				5BE6CA8D25B16072008CC282 /* JobITTableViewCell.xib */,
				5BE6CA9425B1609A008CC282 /* JobPartTimeTableViewCell.xib */,
				5BE6CA9B25B160BB008CC282 /* JobInternTableViewCell.xib */,
				5B1BBAB225B1A6AF000BFA55 /* EmployerTableViewCell.xib */,
				5B1BBAC225B1AD7C000BFA55 /* EmployerCollectionViewCell.xib */,
				5BA6C24825B1F0F500658BFA /* ScrollViewCollectionViewCell.xib */,
			);
			path = CellXib;
			sourceTree = "<group>";
		};
		5B62AACF25B07733006CA057 /* Cell */ = {
			isa = PBXGroup;
			children = (
				5B15BCB925B0835A00933BBE /* SearchJobTableViewCell.swift */,
				5BE6CA5725B14962008CC282 /* JobHotListTableViewCell.swift */,
				5BE6CA6125B14B03008CC282 /* JobFavoriteTableViewCell.swift */,
				5BE6CA7825B15E42008CC282 /* JobHightSalaryTableViewCell.swift */,
				5BE6CA8225B16054008CC282 /* JobManagerTableViewCell.swift */,
				5BE6CA8C25B16072008CC282 /* JobITTableViewCell.swift */,
				5BE6CA9325B1609A008CC282 /* JobPartTimeTableViewCell.swift */,
				5BE6CA9A25B160BB008CC282 /* JobInternTableViewCell.swift */,
				5B1BBAB125B1A6AE000BFA55 /* EmployerTableViewCell.swift */,
				5B1BBAC125B1AD7C000BFA55 /* EmployerCollectionViewCell.swift */,
				5BA6C24725B1F0F500658BFA /* ScrollViewCollectionViewCell.swift */,
			);
			path = Cell;
			sourceTree = "<group>";
		};
		5BD66F5125AFEFE8009D2CDC = {
			isa = PBXGroup;
			children = (
				5BD66F5C25AFEFE8009D2CDC /* GoodJob */,
				5BD66F5B25AFEFE8009D2CDC /* Products */,
				C872489425C0BA5652297442 /* Pods */,
				10850496091485B76C66FC1A /* Frameworks */,
			);
			sourceTree = "<group>";
		};
		5BD66F5B25AFEFE8009D2CDC /* Products */ = {
			isa = PBXGroup;
			children = (
				5BD66F5A25AFEFE8009D2CDC /* GoodJob.app */,
				5BD66F7025AFEFF5009D2CDC /* GoodJobTests.xctest */,
				5BD66F7B25AFEFF5009D2CDC /* GoodJobUITests.xctest */,
			);
			name = Products;
			sourceTree = "<group>";
		};
		5BD66F5C25AFEFE8009D2CDC /* GoodJob */ = {
			isa = PBXGroup;
			children = (
				5BD66FA525AFF515009D2CDC /* View */,
				5B62AACF25B07733006CA057 /* Cell */,
				5B15BCB225B07F1A00933BBE /* CellXib */,
				5BD66F9F25AFF3F2009D2CDC /* Home */,
				5BD66FA825AFF563009D2CDC /* Image */,
				5BD66FA725AFF550009D2CDC /* Board */,
				5BD66FA625AFF534009D2CDC /* Config */,
				5BD66FBC25B00990009D2CDC /* Extension-uiview.swift */,
				5BD66FC125B00B4C009D2CDC /* Constant.swift */,
				5BB055AE25B2A9F7003EBC81 /* GoodJob.swift */,
			);
			path = GoodJob;
			sourceTree = "<group>";
		};
		5BD66F9F25AFF3F2009D2CDC /* Home */ = {
			isa = PBXGroup;
			children = (
				5BD66FA025AFF421009D2CDC /* HomeViewController.swift */,
			);
			path = Home;
			sourceTree = "<group>";
		};
		5BD66FA525AFF515009D2CDC /* View */ = {
			isa = PBXGroup;
			children = (
				5BE6CAB225B1761B008CC282 /* Swift */,
				5BE6CAB125B17610008CC282 /* Xib */,
			);
			path = View;
			sourceTree = "<group>";
		};
		5BD66FA625AFF534009D2CDC /* Config */ = {
			isa = PBXGroup;
			children = (
				5BD66F5F25AFEFE9009D2CDC /* SceneDelegate.swift */,
				5BD66F5D25AFEFE8009D2CDC /* AppDelegate.swift */,
				5BD66F6B25AFEFF3009D2CDC /* Info.plist */,
			);
			path = Config;
			sourceTree = "<group>";
		};
		5BD66FA725AFF550009D2CDC /* Board */ = {
			isa = PBXGroup;
			children = (
				5BD66F6825AFEFF3009D2CDC /* LaunchScreen.storyboard */,
				5B856DC825B2A0F900AF24FD /* HomeStoryBoard.storyboard */,
			);
			path = Board;
			sourceTree = "<group>";
		};
		5BD66FA825AFF563009D2CDC /* Image */ = {
			isa = PBXGroup;
			children = (
				5BD66F6625AFEFF3009D2CDC /* Assets.xcassets */,
			);
			path = Image;
			sourceTree = "<group>";
		};
		5BE6CAB125B17610008CC282 /* Xib */ = {
			isa = PBXGroup;
			children = (
				5BE6CA7025B14D33008CC282 /* SectionHeaderView.xib */,
				5B62AACA25B07499006CA057 /* HomeListView.xib */,
				5BD66FC925B01D09009D2CDC /* HeaderView.xib */,
				5BE6CAAC25B16892008CC282 /* ItemJobView.xib */,
				5BA6C23F25B1EEA000658BFA /* ScrollableView.xib */,
			);
			path = Xib;
			sourceTree = "<group>";
		};
		5BE6CAB225B1761B008CC282 /* Swift */ = {
			isa = PBXGroup;
			children = (
				5BD66FB225B004D4009D2CDC /* HeaderView.swift */,
				5BE6CAA725B1687F008CC282 /* ItemJobView.swift */,
				5BE6CA6B25B14D25008CC282 /* SectionHeaderView.swift */,
				5B62AAC525B07481006CA057 /* HomeListView.swift */,
				5BA6C23A25B1EE4000658BFA /* ScrollableView.swift */,
			);
			path = Swift;
			sourceTree = "<group>";
		};
		C872489425C0BA5652297442 /* Pods */ = {
			isa = PBXGroup;
			children = (
				714E920616310FB97639DADC /* Pods-GoodJob.debug.xcconfig */,
				868FF6474B9F208B07854240 /* Pods-GoodJob.release.xcconfig */,
				A3FA3FB4C038DA9D96604C2B /* Pods-GoodJob-GoodJobUITests.debug.xcconfig */,
				EC8186A540C40B18EB23808E /* Pods-GoodJob-GoodJobUITests.release.xcconfig */,
				961D1358909D72585B7D4D2A /* Pods-GoodJobTests.debug.xcconfig */,
				1A7059DFE1BEF303F71806DD /* Pods-GoodJobTests.release.xcconfig */,
			);
			path = Pods;
			sourceTree = "<group>";
		};
/* End PBXGroup section */

/* Begin PBXNativeTarget section */
		5BD66F5925AFEFE8009D2CDC /* GoodJob */ = {
			isa = PBXNativeTarget;
			buildConfigurationList = 5BD66F8425AFEFF5009D2CDC /* Build configuration list for PBXNativeTarget "GoodJob" */;
			buildPhases = (
				CC40A692C8682132B2409712 /* [CP] Check Pods Manifest.lock */,
				5BD66F5625AFEFE8009D2CDC /* Sources */,
				5BD66F5725AFEFE8009D2CDC /* Frameworks */,
				5BD66F5825AFEFE8009D2CDC /* Resources */,
			);
			buildRules = (
			);
			dependencies = (
			);
			name = GoodJob;
			productName = GoodJob;
			productReference = 5BD66F5A25AFEFE8009D2CDC /* GoodJob.app */;
			productType = "com.apple.product-type.application";
		};
		5BD66F6F25AFEFF5009D2CDC /* GoodJobTests */ = {
			isa = PBXNativeTarget;
			buildConfigurationList = 5BD66F8725AFEFF5009D2CDC /* Build configuration list for PBXNativeTarget "GoodJobTests" */;
			buildPhases = (
				EA74BE9821FE3DB807BC3FAC /* [CP] Check Pods Manifest.lock */,
				5BD66F6C25AFEFF5009D2CDC /* Sources */,
				5BD66F6D25AFEFF5009D2CDC /* Frameworks */,
				5BD66F6E25AFEFF5009D2CDC /* Resources */,
			);
			buildRules = (
			);
			dependencies = (
				5BD66F7225AFEFF5009D2CDC /* PBXTargetDependency */,
			);
			name = GoodJobTests;
			productName = GoodJobTests;
			productReference = 5BD66F7025AFEFF5009D2CDC /* GoodJobTests.xctest */;
			productType = "com.apple.product-type.bundle.unit-test";
		};
		5BD66F7A25AFEFF5009D2CDC /* GoodJobUITests */ = {
			isa = PBXNativeTarget;
			buildConfigurationList = 5BD66F8A25AFEFF5009D2CDC /* Build configuration list for PBXNativeTarget "GoodJobUITests" */;
			buildPhases = (
				81F7EFD0F95E457C0FFB7E8F /* [CP] Check Pods Manifest.lock */,
				5BD66F7725AFEFF5009D2CDC /* Sources */,
				5BD66F7825AFEFF5009D2CDC /* Frameworks */,
				5BD66F7925AFEFF5009D2CDC /* Resources */,
			);
			buildRules = (
			);
			dependencies = (
				5BD66F7D25AFEFF5009D2CDC /* PBXTargetDependency */,
			);
			name = GoodJobUITests;
			productName = GoodJobUITests;
			productReference = 5BD66F7B25AFEFF5009D2CDC /* GoodJobUITests.xctest */;
			productType = "com.apple.product-type.bundle.ui-testing";
		};
/* End PBXNativeTarget section */

/* Begin PBXProject section */
		5BD66F5225AFEFE8009D2CDC /* Project object */ = {
			isa = PBXProject;
			attributes = {
				LastSwiftUpdateCheck = 1230;
				LastUpgradeCheck = 1230;
				TargetAttributes = {
					5BD66F5925AFEFE8009D2CDC = {
						CreatedOnToolsVersion = 12.3;
					};
					5BD66F6F25AFEFF5009D2CDC = {
						CreatedOnToolsVersion = 12.3;
						TestTargetID = 5BD66F5925AFEFE8009D2CDC;
					};
					5BD66F7A25AFEFF5009D2CDC = {
						CreatedOnToolsVersion = 12.3;
						TestTargetID = 5BD66F5925AFEFE8009D2CDC;
					};
				};
			};
			buildConfigurationList = 5BD66F5525AFEFE8009D2CDC /* Build configuration list for PBXProject "GoodJob" */;
			compatibilityVersion = "Xcode 9.3";
			developmentRegion = en;
			hasScannedForEncodings = 0;
			knownRegions = (
				en,
				Base,
			);
			mainGroup = 5BD66F5125AFEFE8009D2CDC;
			productRefGroup = 5BD66F5B25AFEFE8009D2CDC /* Products */;
			projectDirPath = "";
			projectRoot = "";
			targets = (
				5BD66F5925AFEFE8009D2CDC /* GoodJob */,
				5BD66F6F25AFEFF5009D2CDC /* GoodJobTests */,
				5BD66F7A25AFEFF5009D2CDC /* GoodJobUITests */,
			);
		};
/* End PBXProject section */

/* Begin PBXResourcesBuildPhase section */
		5BD66F5825AFEFE8009D2CDC /* Resources */ = {
			isa = PBXResourcesBuildPhase;
			buildActionMask = 2147483647;
			files = (
				5BA6C24025B1EEA100658BFA /* ScrollableView.xib in Resources */,
				5BD66FCA25B01D09009D2CDC /* HeaderView.xib in Resources */,
				5B15BCBC25B0835A00933BBE /* SearchJobTableViewCell.xib in Resources */,
				5BE6CA8F25B16072008CC282 /* JobITTableViewCell.xib in Resources */,
				5B856DC925B2A0F900AF24FD /* HomeStoryBoard.storyboard in Resources */,
				5B62AACB25B07499006CA057 /* HomeListView.xib in Resources */,
				5B1BBAC425B1AD7C000BFA55 /* EmployerCollectionViewCell.xib in Resources */,
				5BE6CA8525B16054008CC282 /* JobManagerTableViewCell.xib in Resources */,
				5BE6CAAD25B16892008CC282 /* ItemJobView.xib in Resources */,
				5BE6CA6425B14B03008CC282 /* JobFavoriteTableViewCell.xib in Resources */,
				5BE6CA7125B14D33008CC282 /* SectionHeaderView.xib in Resources */,
				5BE6CA9D25B160BB008CC282 /* JobInternTableViewCell.xib in Resources */,
				5BD66F6A25AFEFF3009D2CDC /* LaunchScreen.storyboard in Resources */,
				5B1BBAB425B1A6AF000BFA55 /* EmployerTableViewCell.xib in Resources */,
				5BE6CA5A25B14963008CC282 /* JobHotListTableViewCell.xib in Resources */,
				5BE6CA9625B1609A008CC282 /* JobPartTimeTableViewCell.xib in Resources */,
				5BE6CA7B25B15E42008CC282 /* JobHightSalaryTableViewCell.xib in Resources */,
				5BA6C24A25B1F0F500658BFA /* ScrollViewCollectionViewCell.xib in Resources */,
				5BD66F6725AFEFF3009D2CDC /* Assets.xcassets in Resources */,
			);
			runOnlyForDeploymentPostprocessing = 0;
		};
		5BD66F6E25AFEFF5009D2CDC /* Resources */ = {
			isa = PBXResourcesBuildPhase;
			buildActionMask = 2147483647;
			files = (
			);
			runOnlyForDeploymentPostprocessing = 0;
		};
		5BD66F7925AFEFF5009D2CDC /* Resources */ = {
			isa = PBXResourcesBuildPhase;
			buildActionMask = 2147483647;
			files = (
			);
			runOnlyForDeploymentPostprocessing = 0;
		};
/* End PBXResourcesBuildPhase section */

/* Begin PBXShellScriptBuildPhase section */
		81F7EFD0F95E457C0FFB7E8F /* [CP] Check Pods Manifest.lock */ = {
			isa = PBXShellScriptBuildPhase;
			buildActionMask = 2147483647;
			files = (
			);
			inputFileListPaths = (
			);
			inputPaths = (
				"${PODS_PODFILE_DIR_PATH}/Podfile.lock",
				"${PODS_ROOT}/Manifest.lock",
			);
			name = "[CP] Check Pods Manifest.lock";
			outputFileListPaths = (
			);
			outputPaths = (
				"$(DERIVED_FILE_DIR)/Pods-GoodJob-GoodJobUITests-checkManifestLockResult.txt",
			);
			runOnlyForDeploymentPostprocessing = 0;
			shellPath = /bin/sh;
			shellScript = "diff \"${PODS_PODFILE_DIR_PATH}/Podfile.lock\" \"${PODS_ROOT}/Manifest.lock\" > /dev/null\nif [ $? != 0 ] ; then\n    # print error to STDERR\n    echo \"error: The sandbox is not in sync with the Podfile.lock. Run 'pod install' or update your CocoaPods installation.\" >&2\n    exit 1\nfi\n# This output is used by Xcode 'outputs' to avoid re-running this script phase.\necho \"SUCCESS\" > \"${SCRIPT_OUTPUT_FILE_0}\"\n";
			showEnvVarsInLog = 0;
		};
		CC40A692C8682132B2409712 /* [CP] Check Pods Manifest.lock */ = {
			isa = PBXShellScriptBuildPhase;
			buildActionMask = 2147483647;
			files = (
			);
			inputFileListPaths = (
			);
			inputPaths = (
				"${PODS_PODFILE_DIR_PATH}/Podfile.lock",
				"${PODS_ROOT}/Manifest.lock",
			);
			name = "[CP] Check Pods Manifest.lock";
			outputFileListPaths = (
			);
			outputPaths = (
				"$(DERIVED_FILE_DIR)/Pods-GoodJob-checkManifestLockResult.txt",
			);
			runOnlyForDeploymentPostprocessing = 0;
			shellPath = /bin/sh;
			shellScript = "diff \"${PODS_PODFILE_DIR_PATH}/Podfile.lock\" \"${PODS_ROOT}/Manifest.lock\" > /dev/null\nif [ $? != 0 ] ; then\n    # print error to STDERR\n    echo \"error: The sandbox is not in sync with the Podfile.lock. Run 'pod install' or update your CocoaPods installation.\" >&2\n    exit 1\nfi\n# This output is used by Xcode 'outputs' to avoid re-running this script phase.\necho \"SUCCESS\" > \"${SCRIPT_OUTPUT_FILE_0}\"\n";
			showEnvVarsInLog = 0;
		};
		EA74BE9821FE3DB807BC3FAC /* [CP] Check Pods Manifest.lock */ = {
			isa = PBXShellScriptBuildPhase;
			buildActionMask = 2147483647;
			files = (
			);
			inputFileListPaths = (
			);
			inputPaths = (
				"${PODS_PODFILE_DIR_PATH}/Podfile.lock",
				"${PODS_ROOT}/Manifest.lock",
			);
			name = "[CP] Check Pods Manifest.lock";
			outputFileListPaths = (
			);
			outputPaths = (
				"$(DERIVED_FILE_DIR)/Pods-GoodJobTests-checkManifestLockResult.txt",
			);
			runOnlyForDeploymentPostprocessing = 0;
			shellPath = /bin/sh;
			shellScript = "diff \"${PODS_PODFILE_DIR_PATH}/Podfile.lock\" \"${PODS_ROOT}/Manifest.lock\" > /dev/null\nif [ $? != 0 ] ; then\n    # print error to STDERR\n    echo \"error: The sandbox is not in sync with the Podfile.lock. Run 'pod install' or update your CocoaPods installation.\" >&2\n    exit 1\nfi\n# This output is used by Xcode 'outputs' to avoid re-running this script phase.\necho \"SUCCESS\" > \"${SCRIPT_OUTPUT_FILE_0}\"\n";
			showEnvVarsInLog = 0;
		};
/* End PBXShellScriptBuildPhase section */

/* Begin PBXSourcesBuildPhase section */
		5BD66F5625AFEFE8009D2CDC /* Sources */ = {
			isa = PBXSourcesBuildPhase;
			buildActionMask = 2147483647;
			files = (
				5BD66FBD25B00990009D2CDC /* Extension-uiview.swift in Sources */,
				5BE6CA8425B16054008CC282 /* JobManagerTableViewCell.swift in Sources */,
				5BB055AF25B2A9F7003EBC81 /* GoodJob.swift in Sources */,
				5B62AAC625B07481006CA057 /* HomeListView.swift in Sources */,
				5BE6CA9C25B160BB008CC282 /* JobInternTableViewCell.swift in Sources */,
				5BE6CA8E25B16072008CC282 /* JobITTableViewCell.swift in Sources */,
				5BA6C23B25B1EE4000658BFA /* ScrollableView.swift in Sources */,
				5B15BCBB25B0835A00933BBE /* SearchJobTableViewCell.swift in Sources */,
				5BE6CA7A25B15E42008CC282 /* JobHightSalaryTableViewCell.swift in Sources */,
				5BE6CAA825B1687F008CC282 /* ItemJobView.swift in Sources */,
				5BE6CA5925B14963008CC282 /* JobHotListTableViewCell.swift in Sources */,
				5BD66F5E25AFEFE8009D2CDC /* AppDelegate.swift in Sources */,
				5B1BBAC325B1AD7C000BFA55 /* EmployerCollectionViewCell.swift in Sources */,
				5BA6C24925B1F0F500658BFA /* ScrollViewCollectionViewCell.swift in Sources */,
				5BD66F6025AFEFE9009D2CDC /* SceneDelegate.swift in Sources */,
				5BD66FA125AFF421009D2CDC /* HomeViewController.swift in Sources */,
				5BE6CA6C25B14D25008CC282 /* SectionHeaderView.swift in Sources */,
				5BE6CA6325B14B03008CC282 /* JobFavoriteTableViewCell.swift in Sources */,
				5BD66FB325B004D4009D2CDC /* HeaderView.swift in Sources */,
				5BE6CA9525B1609A008CC282 /* JobPartTimeTableViewCell.swift in Sources */,
				5BD66FC225B00B4D009D2CDC /* Constant.swift in Sources */,
				5B1BBAB325B1A6AF000BFA55 /* EmployerTableViewCell.swift in Sources */,
			);
			runOnlyForDeploymentPostprocessing = 0;
		};
		5BD66F6C25AFEFF5009D2CDC /* Sources */ = {
			isa = PBXSourcesBuildPhase;
			buildActionMask = 2147483647;
			files = (
			);
			runOnlyForDeploymentPostprocessing = 0;
		};
		5BD66F7725AFEFF5009D2CDC /* Sources */ = {
			isa = PBXSourcesBuildPhase;
			buildActionMask = 2147483647;
			files = (
			);
			runOnlyForDeploymentPostprocessing = 0;
		};
/* End PBXSourcesBuildPhase section */

/* Begin PBXTargetDependency section */
		5BD66F7225AFEFF5009D2CDC /* PBXTargetDependency */ = {
			isa = PBXTargetDependency;
			target = 5BD66F5925AFEFE8009D2CDC /* GoodJob */;
			targetProxy = 5BD66F7125AFEFF5009D2CDC /* PBXContainerItemProxy */;
		};
		5BD66F7D25AFEFF5009D2CDC /* PBXTargetDependency */ = {
			isa = PBXTargetDependency;
			target = 5BD66F5925AFEFE8009D2CDC /* GoodJob */;
			targetProxy = 5BD66F7C25AFEFF5009D2CDC /* PBXContainerItemProxy */;
		};
/* End PBXTargetDependency section */

/* Begin PBXVariantGroup section */
		5BD66F6825AFEFF3009D2CDC /* LaunchScreen.storyboard */ = {
			isa = PBXVariantGroup;
			children = (
				5BD66F6925AFEFF3009D2CDC /* Base */,
			);
			name = LaunchScreen.storyboard;
			sourceTree = "<group>";
		};
/* End PBXVariantGroup section */

/* Begin XCBuildConfiguration section */
		5BD66F8225AFEFF5009D2CDC /* Debug */ = {
			isa = XCBuildConfiguration;
			buildSettings = {
				ALWAYS_SEARCH_USER_PATHS = NO;
				CLANG_ANALYZER_NONNULL = YES;
				CLANG_ANALYZER_NUMBER_OBJECT_CONVERSION = YES_AGGRESSIVE;
				CLANG_CXX_LANGUAGE_STANDARD = "gnu++14";
				CLANG_CXX_LIBRARY = "libc++";
				CLANG_ENABLE_MODULES = YES;
				CLANG_ENABLE_OBJC_ARC = YES;
				CLANG_ENABLE_OBJC_WEAK = YES;
				CLANG_WARN_BLOCK_CAPTURE_AUTORELEASING = YES;
				CLANG_WARN_BOOL_CONVERSION = YES;
				CLANG_WARN_COMMA = YES;
				CLANG_WARN_CONSTANT_CONVERSION = YES;
				CLANG_WARN_DEPRECATED_OBJC_IMPLEMENTATIONS = YES;
				CLANG_WARN_DIRECT_OBJC_ISA_USAGE = YES_ERROR;
				CLANG_WARN_DOCUMENTATION_COMMENTS = YES;
				CLANG_WARN_EMPTY_BODY = YES;
				CLANG_WARN_ENUM_CONVERSION = YES;
				CLANG_WARN_INFINITE_RECURSION = YES;
				CLANG_WARN_INT_CONVERSION = YES;
				CLANG_WARN_NON_LITERAL_NULL_CONVERSION = YES;
				CLANG_WARN_OBJC_IMPLICIT_RETAIN_SELF = YES;
				CLANG_WARN_OBJC_LITERAL_CONVERSION = YES;
				CLANG_WARN_OBJC_ROOT_CLASS = YES_ERROR;
				CLANG_WARN_QUOTED_INCLUDE_IN_FRAMEWORK_HEADER = YES;
				CLANG_WARN_RANGE_LOOP_ANALYSIS = YES;
				CLANG_WARN_STRICT_PROTOTYPES = YES;
				CLANG_WARN_SUSPICIOUS_MOVE = YES;
				CLANG_WARN_UNGUARDED_AVAILABILITY = YES_AGGRESSIVE;
				CLANG_WARN_UNREACHABLE_CODE = YES;
				CLANG_WARN__DUPLICATE_METHOD_MATCH = YES;
				COPY_PHASE_STRIP = NO;
				DEBUG_INFORMATION_FORMAT = dwarf;
				ENABLE_STRICT_OBJC_MSGSEND = YES;
				ENABLE_TESTABILITY = YES;
				GCC_C_LANGUAGE_STANDARD = gnu11;
				GCC_DYNAMIC_NO_PIC = NO;
				GCC_NO_COMMON_BLOCKS = YES;
				GCC_OPTIMIZATION_LEVEL = 0;
				GCC_PREPROCESSOR_DEFINITIONS = (
					"DEBUG=1",
					"$(inherited)",
				);
				GCC_WARN_64_TO_32_BIT_CONVERSION = YES;
				GCC_WARN_ABOUT_RETURN_TYPE = YES_ERROR;
				GCC_WARN_UNDECLARED_SELECTOR = YES;
				GCC_WARN_UNINITIALIZED_AUTOS = YES_AGGRESSIVE;
				GCC_WARN_UNUSED_FUNCTION = YES;
				GCC_WARN_UNUSED_VARIABLE = YES;
				IPHONEOS_DEPLOYMENT_TARGET = 14.3;
				MTL_ENABLE_DEBUG_INFO = INCLUDE_SOURCE;
				MTL_FAST_MATH = YES;
				ONLY_ACTIVE_ARCH = YES;
				SDKROOT = iphoneos;
				SWIFT_ACTIVE_COMPILATION_CONDITIONS = DEBUG;
				SWIFT_OPTIMIZATION_LEVEL = "-Onone";
			};
			name = Debug;
		};
		5BD66F8325AFEFF5009D2CDC /* Release */ = {
			isa = XCBuildConfiguration;
			buildSettings = {
				ALWAYS_SEARCH_USER_PATHS = NO;
				CLANG_ANALYZER_NONNULL = YES;
				CLANG_ANALYZER_NUMBER_OBJECT_CONVERSION = YES_AGGRESSIVE;
				CLANG_CXX_LANGUAGE_STANDARD = "gnu++14";
				CLANG_CXX_LIBRARY = "libc++";
				CLANG_ENABLE_MODULES = YES;
				CLANG_ENABLE_OBJC_ARC = YES;
				CLANG_ENABLE_OBJC_WEAK = YES;
				CLANG_WARN_BLOCK_CAPTURE_AUTORELEASING = YES;
				CLANG_WARN_BOOL_CONVERSION = YES;
				CLANG_WARN_COMMA = YES;
				CLANG_WARN_CONSTANT_CONVERSION = YES;
				CLANG_WARN_DEPRECATED_OBJC_IMPLEMENTATIONS = YES;
				CLANG_WARN_DIRECT_OBJC_ISA_USAGE = YES_ERROR;
				CLANG_WARN_DOCUMENTATION_COMMENTS = YES;
				CLANG_WARN_EMPTY_BODY = YES;
				CLANG_WARN_ENUM_CONVERSION = YES;
				CLANG_WARN_INFINITE_RECURSION = YES;
				CLANG_WARN_INT_CONVERSION = YES;
				CLANG_WARN_NON_LITERAL_NULL_CONVERSION = YES;
				CLANG_WARN_OBJC_IMPLICIT_RETAIN_SELF = YES;
				CLANG_WARN_OBJC_LITERAL_CONVERSION = YES;
				CLANG_WARN_OBJC_ROOT_CLASS = YES_ERROR;
				CLANG_WARN_QUOTED_INCLUDE_IN_FRAMEWORK_HEADER = YES;
				CLANG_WARN_RANGE_LOOP_ANALYSIS = YES;
				CLANG_WARN_STRICT_PROTOTYPES = YES;
				CLANG_WARN_SUSPICIOUS_MOVE = YES;
				CLANG_WARN_UNGUARDED_AVAILABILITY = YES_AGGRESSIVE;
				CLANG_WARN_UNREACHABLE_CODE = YES;
				CLANG_WARN__DUPLICATE_METHOD_MATCH = YES;
				COPY_PHASE_STRIP = NO;
				DEBUG_INFORMATION_FORMAT = "dwarf-with-dsym";
				ENABLE_NS_ASSERTIONS = NO;
				ENABLE_STRICT_OBJC_MSGSEND = YES;
				GCC_C_LANGUAGE_STANDARD = gnu11;
				GCC_NO_COMMON_BLOCKS = YES;
				GCC_WARN_64_TO_32_BIT_CONVERSION = YES;
				GCC_WARN_ABOUT_RETURN_TYPE = YES_ERROR;
				GCC_WARN_UNDECLARED_SELECTOR = YES;
				GCC_WARN_UNINITIALIZED_AUTOS = YES_AGGRESSIVE;
				GCC_WARN_UNUSED_FUNCTION = YES;
				GCC_WARN_UNUSED_VARIABLE = YES;
				IPHONEOS_DEPLOYMENT_TARGET = 14.3;
				MTL_ENABLE_DEBUG_INFO = NO;
				MTL_FAST_MATH = YES;
				SDKROOT = iphoneos;
				SWIFT_COMPILATION_MODE = wholemodule;
				SWIFT_OPTIMIZATION_LEVEL = "-O";
				VALIDATE_PRODUCT = YES;
			};
			name = Release;
		};
		5BD66F8525AFEFF5009D2CDC /* Debug */ = {
			isa = XCBuildConfiguration;
			baseConfigurationReference = 714E920616310FB97639DADC /* Pods-GoodJob.debug.xcconfig */;
			buildSettings = {
				ASSETCATALOG_COMPILER_APPICON_NAME = AppIcon;
				ASSETCATALOG_COMPILER_GLOBAL_ACCENT_COLOR_NAME = AccentColor;
				CODE_SIGN_STYLE = Automatic;
				DEVELOPMENT_TEAM = M9RXFTNQ3L;
				INFOPLIST_FILE = GoodJob/Config/Info.plist;
				LD_RUNPATH_SEARCH_PATHS = (
					"$(inherited)",
					"@executable_path/Frameworks",
				);
				PRODUCT_BUNDLE_IDENTIFIER = GoodJob.com.GoodJob;
				PRODUCT_NAME = "$(TARGET_NAME)";
				SWIFT_VERSION = 5.0;
				TARGETED_DEVICE_FAMILY = "1,2";
			};
			name = Debug;
		};
		5BD66F8625AFEFF5009D2CDC /* Release */ = {
			isa = XCBuildConfiguration;
			baseConfigurationReference = 868FF6474B9F208B07854240 /* Pods-GoodJob.release.xcconfig */;
			buildSettings = {
				ASSETCATALOG_COMPILER_APPICON_NAME = AppIcon;
				ASSETCATALOG_COMPILER_GLOBAL_ACCENT_COLOR_NAME = AccentColor;
				CODE_SIGN_STYLE = Automatic;
				DEVELOPMENT_TEAM = M9RXFTNQ3L;
				INFOPLIST_FILE = GoodJob/Config/Info.plist;
				LD_RUNPATH_SEARCH_PATHS = (
					"$(inherited)",
					"@executable_path/Frameworks",
				);
				PRODUCT_BUNDLE_IDENTIFIER = GoodJob.com.GoodJob;
				PRODUCT_NAME = "$(TARGET_NAME)";
				SWIFT_VERSION = 5.0;
				TARGETED_DEVICE_FAMILY = "1,2";
			};
			name = Release;
		};
		5BD66F8825AFEFF5009D2CDC /* Debug */ = {
			isa = XCBuildConfiguration;
			baseConfigurationReference = 961D1358909D72585B7D4D2A /* Pods-GoodJobTests.debug.xcconfig */;
			buildSettings = {
				ALWAYS_EMBED_SWIFT_STANDARD_LIBRARIES = YES;
				BUNDLE_LOADER = "$(TEST_HOST)";
				CODE_SIGN_STYLE = Automatic;
				DEVELOPMENT_TEAM = M9RXFTNQ3L;
				INFOPLIST_FILE = GoodJobTests/Info.plist;
				IPHONEOS_DEPLOYMENT_TARGET = 14.3;
				LD_RUNPATH_SEARCH_PATHS = (
					"$(inherited)",
					"@executable_path/Frameworks",
					"@loader_path/Frameworks",
				);
				PRODUCT_BUNDLE_IDENTIFIER = GoodJob.com.GoodJobTests;
				PRODUCT_NAME = "$(TARGET_NAME)";
				SWIFT_VERSION = 5.0;
				TARGETED_DEVICE_FAMILY = "1,2";
				TEST_HOST = "$(BUILT_PRODUCTS_DIR)/GoodJob.app/GoodJob";
			};
			name = Debug;
		};
		5BD66F8925AFEFF5009D2CDC /* Release */ = {
			isa = XCBuildConfiguration;
			baseConfigurationReference = 1A7059DFE1BEF303F71806DD /* Pods-GoodJobTests.release.xcconfig */;
			buildSettings = {
				ALWAYS_EMBED_SWIFT_STANDARD_LIBRARIES = YES;
				BUNDLE_LOADER = "$(TEST_HOST)";
				CODE_SIGN_STYLE = Automatic;
				DEVELOPMENT_TEAM = M9RXFTNQ3L;
				INFOPLIST_FILE = GoodJobTests/Info.plist;
				IPHONEOS_DEPLOYMENT_TARGET = 14.3;
				LD_RUNPATH_SEARCH_PATHS = (
					"$(inherited)",
					"@executable_path/Frameworks",
					"@loader_path/Frameworks",
				);
				PRODUCT_BUNDLE_IDENTIFIER = GoodJob.com.GoodJobTests;
				PRODUCT_NAME = "$(TARGET_NAME)";
				SWIFT_VERSION = 5.0;
				TARGETED_DEVICE_FAMILY = "1,2";
				TEST_HOST = "$(BUILT_PRODUCTS_DIR)/GoodJob.app/GoodJob";
			};
			name = Release;
		};
		5BD66F8B25AFEFF5009D2CDC /* Debug */ = {
			isa = XCBuildConfiguration;
			baseConfigurationReference = A3FA3FB4C038DA9D96604C2B /* Pods-GoodJob-GoodJobUITests.debug.xcconfig */;
			buildSettings = {
				ALWAYS_EMBED_SWIFT_STANDARD_LIBRARIES = YES;
				CODE_SIGN_STYLE = Automatic;
				DEVELOPMENT_TEAM = M9RXFTNQ3L;
				INFOPLIST_FILE = GoodJobUITests/Info.plist;
				LD_RUNPATH_SEARCH_PATHS = (
					"$(inherited)",
					"@executable_path/Frameworks",
					"@loader_path/Frameworks",
				);
				PRODUCT_BUNDLE_IDENTIFIER = GoodJob.com.GoodJobUITests;
				PRODUCT_NAME = "$(TARGET_NAME)";
				SWIFT_VERSION = 5.0;
				TARGETED_DEVICE_FAMILY = "1,2";
				TEST_TARGET_NAME = GoodJob;
			};
			name = Debug;
		};
		5BD66F8C25AFEFF5009D2CDC /* Release */ = {
			isa = XCBuildConfiguration;
			baseConfigurationReference = EC8186A540C40B18EB23808E /* Pods-GoodJob-GoodJobUITests.release.xcconfig */;
			buildSettings = {
				ALWAYS_EMBED_SWIFT_STANDARD_LIBRARIES = YES;
				CODE_SIGN_STYLE = Automatic;
				DEVELOPMENT_TEAM = M9RXFTNQ3L;
				INFOPLIST_FILE = GoodJobUITests/Info.plist;
				LD_RUNPATH_SEARCH_PATHS = (
					"$(inherited)",
					"@executable_path/Frameworks",
					"@loader_path/Frameworks",
				);
				PRODUCT_BUNDLE_IDENTIFIER = GoodJob.com.GoodJobUITests;
				PRODUCT_NAME = "$(TARGET_NAME)";
				SWIFT_VERSION = 5.0;
				TARGETED_DEVICE_FAMILY = "1,2";
				TEST_TARGET_NAME = GoodJob;
			};
			name = Release;
		};
/* End XCBuildConfiguration section */

/* Begin XCConfigurationList section */
		5BD66F5525AFEFE8009D2CDC /* Build configuration list for PBXProject "GoodJob" */ = {
			isa = XCConfigurationList;
			buildConfigurations = (
				5BD66F8225AFEFF5009D2CDC /* Debug */,
				5BD66F8325AFEFF5009D2CDC /* Release */,
			);
			defaultConfigurationIsVisible = 0;
			defaultConfigurationName = Release;
		};
		5BD66F8425AFEFF5009D2CDC /* Build configuration list for PBXNativeTarget "GoodJob" */ = {
			isa = XCConfigurationList;
			buildConfigurations = (
				5BD66F8525AFEFF5009D2CDC /* Debug */,
				5BD66F8625AFEFF5009D2CDC /* Release */,
			);
			defaultConfigurationIsVisible = 0;
			defaultConfigurationName = Release;
		};
		5BD66F8725AFEFF5009D2CDC /* Build configuration list for PBXNativeTarget "GoodJobTests" */ = {
			isa = XCConfigurationList;
			buildConfigurations = (
				5BD66F8825AFEFF5009D2CDC /* Debug */,
				5BD66F8925AFEFF5009D2CDC /* Release */,
			);
			defaultConfigurationIsVisible = 0;
			defaultConfigurationName = Release;
		};
		5BD66F8A25AFEFF5009D2CDC /* Build configuration list for PBXNativeTarget "GoodJobUITests" */ = {
			isa = XCConfigurationList;
			buildConfigurations = (
				5BD66F8B25AFEFF5009D2CDC /* Debug */,
				5BD66F8C25AFEFF5009D2CDC /* Release */,
			);
			defaultConfigurationIsVisible = 0;
			defaultConfigurationName = Release;
		};
/* End XCConfigurationList section */
	};
	rootObject = 5BD66F5225AFEFE8009D2CDC /* Project object */;
}
